
Microsoft Visual Studio Solution File, Format Version 12.00
# Visual Studio Version 17
VisualStudioVersion = 17.14.36811.4 d17.14
MinimumVisualStudioVersion = 10.0.40219.1
Project("{FAE04EC0-301F-11D3-BF4B-00C04F79EFBC}") = "CleanCarApi.API", "CleanCarApi.API\CleanCarApi.API.csproj", "{C9F3160B-5517-4577-A609-CDD2B02E6BA4}"
EndProject
Project("{FAE04EC0-301F-11D3-BF4B-00C04F79EFBC}") = "CleanCarApi.Application", "CleanCarApi.Application\CleanCarApi.Application.csproj", "{B1BB7427-9830-4375-B0C8-408A82DF8125}"
EndProject
Project("{FAE04EC0-301F-11D3-BF4B-00C04F79EFBC}") = "CleanCarApi.Domain", "CleanCarApi.Domain\CleanCarApi.Domain.csproj", "{2A7F3E31-09A2-4F40-A01F-DA4AC8293733}"
EndProject
Project("{FAE04EC0-301F-11D3-BF4B-00C04F79EFBC}") = "CleanCarApi.Infrastructure", "CleanCarApi.Infrastructure\CleanCarApi.Infrastructure.csproj", "{56580221-0C21-4554-B487-9926C191085C}"
EndProject
Global
	GlobalSection(SolutionConfigurationPlatforms) = preSolution
		Debug|Any CPU = Debug|Any CPU
		Release|Any CPU = Release|Any CPU
	EndGlobalSection
	GlobalSection(ProjectConfigurationPlatforms) = postSolution
		{C9F3160B-5517-4577-A609-CDD2B02E6BA4}.Debug|Any CPU.ActiveCfg = Debug|Any CPU
		{C9F3160B-5517-4577-A609-CDD2B02E6BA4}.Debug|Any CPU.Build.0 = Debug|Any CPU
		{C9F3160B-5517-4577-A609-CDD2B02E6BA4}.Release|Any CPU.ActiveCfg = Release|Any CPU
		{C9F3160B-5517-4577-A609-CDD2B02E6BA4}.Release|Any CPU.Build.0 = Release|Any CPU
		{B1BB7427-9830-4375-B0C8-408A82DF8125}.Debug|Any CPU.ActiveCfg = Debug|Any CPU
		{B1BB7427-9830-4375-B0C8-408A82DF8125}.Debug|Any CPU.Build.0 = Debug|Any CPU
		{B1BB7427-9830-4375-B0C8-408A82DF8125}.Release|Any CPU.ActiveCfg = Release|Any CPU
		{B1BB7427-9830-4375-B0C8-408A82DF8125}.Release|Any CPU.Build.0 = Release|Any CPU
		{2A7F3E31-09A2-4F40-A01F-DA4AC8293733}.Debug|Any CPU.ActiveCfg = Debug|Any CPU
		{2A7F3E31-09A2-4F40-A01F-DA4AC8293733}.Debug|Any CPU.Build.0 = Debug|Any CPU
		{2A7F3E31-09A2-4F40-A01F-DA4AC8293733}.Release|Any CPU.ActiveCfg = Release|Any CPU
		{2A7F3E31-09A2-4F40-A01F-DA4AC8293733}.Release|Any CPU.Build.0 = Release|Any CPU
		{56580221-0C21-4554-B487-9926C191085C}.Debug|Any CPU.ActiveCfg = Debug|Any CPU
		{56580221-0C21-4554-B487-9926C191085C}.Debug|Any CPU.Build.0 = Debug|Any CPU
		{56580221-0C21-4554-B487-9926C191085C}.Release|Any CPU.ActiveCfg = Release|Any CPU
		{56580221-0C21-4554-B487-9926C191085C}.Release|Any CPU.Build.0 = Release|Any CPU
	EndGlobalSection
	GlobalSection(SolutionProperties) = preSolution
		HideSolutionNode = FALSE
	EndGlobalSection
	GlobalSection(ExtensibilityGlobals) = postSolution
		SolutionGuid = {09A6CD85-4897-459C-BC6E-878BDD9EB9AF}
	EndGlobalSection
EndGlobal
